// !$*UTF8*$!
{
	archiveVersion = 1;
	classes = {
	};
	objectVersion = 56;
	objects = {

/* Begin PBXBuildFile section */
		033DF8962A291224009C079A /* Onboarding.storyboard in Resources */ = {isa = PBXBuildFile; fileRef = 033DF8952A291224009C079A /* Onboarding.storyboard */; };
		033DF8982A291245009C079A /* onboardingSlide.swift in Sources */ = {isa = PBXBuildFile; fileRef = 033DF8972A291245009C079A /* onboardingSlide.swift */; };
		033DF89A2A29124E009C079A /* onboardingViewController.swift in Sources */ = {isa = PBXBuildFile; fileRef = 033DF8992A29124E009C079A /* onboardingViewController.swift */; };
		033DF89C2A291254009C079A /* onboardingCollectionViewCell.swift in Sources */ = {isa = PBXBuildFile; fileRef = 033DF89B2A291254009C079A /* onboardingCollectionViewCell.swift */; };
		033DF89F2A2912BB009C079A /* UIView+Etension.swift in Sources */ = {isa = PBXBuildFile; fileRef = 033DF89E2A2912BB009C079A /* UIView+Etension.swift */; };
		034767072A2A706F00DD6CD3 /* Location.swift in Sources */ = {isa = PBXBuildFile; fileRef = 034767062A2A706F00DD6CD3 /* Location.swift */; };
		03803B232A2A6AD300A91313 /* Location.storyboard in Resources */ = {isa = PBXBuildFile; fileRef = 03803B222A2A6AD300A91313 /* Location.storyboard */; };
		03803B252A2A6AF200A91313 /* LocationViewController.swift in Sources */ = {isa = PBXBuildFile; fileRef = 03803B242A2A6AF200A91313 /* LocationViewController.swift */; };
		03803B2B2A2A6D9200A91313 /* LocationCollectionViewCell.swift in Sources */ = {isa = PBXBuildFile; fileRef = 03803B292A2A6D9200A91313 /* LocationCollectionViewCell.swift */; };
		03803B2C2A2A6D9200A91313 /* LocationCollectionViewCell.xib in Resources */ = {isa = PBXBuildFile; fileRef = 03803B2A2A2A6D9200A91313 /* LocationCollectionViewCell.xib */; };
		038DDDCE2A2B83C60051D0A8 /* EnterLocationViewController.swift in Sources */ = {isa = PBXBuildFile; fileRef = 038DDDCD2A2B83C60051D0A8 /* EnterLocationViewController.swift */; };
		038DDDD52A2B873C0051D0A8 /* MyOrder.storyboard in Resources */ = {isa = PBXBuildFile; fileRef = 038DDDD42A2B873C0051D0A8 /* MyOrder.storyboard */; };
		038DDDD82A2B87610051D0A8 /* MyOrderViewController.swift in Sources */ = {isa = PBXBuildFile; fileRef = 038DDDD72A2B87610051D0A8 /* MyOrderViewController.swift */; };
		038DDDDF2A2B87DA0051D0A8 /* OrdersCollectionViewCell.swift in Sources */ = {isa = PBXBuildFile; fileRef = 038DDDDD2A2B87DA0051D0A8 /* OrdersCollectionViewCell.swift */; };
		038DDDE02A2B87DA0051D0A8 /* OrdersCollectionViewCell.xib in Resources */ = {isa = PBXBuildFile; fileRef = 038DDDDE2A2B87DA0051D0A8 /* OrdersCollectionViewCell.xib */; };
		038DDDE22A2B8C690051D0A8 /* MyOrder.swift in Sources */ = {isa = PBXBuildFile; fileRef = 038DDDE12A2B8C690051D0A8 /* MyOrder.swift */; };
		0390E2AB2A29654100FBF94E /* ProfileViewController.swift in Sources */ = {isa = PBXBuildFile; fileRef = 0390E2AA2A29654100FBF94E /* ProfileViewController.swift */; };
		0390E2AF2A29665200FBF94E /* DataCollectionViewCell.swift in Sources */ = {isa = PBXBuildFile; fileRef = 0390E2AD2A29665200FBF94E /* DataCollectionViewCell.swift */; };
		0390E2B02A29665200FBF94E /* DataCollectionViewCell.xib in Resources */ = {isa = PBXBuildFile; fileRef = 0390E2AE2A29665200FBF94E /* DataCollectionViewCell.xib */; };
		0390E2B22A29677500FBF94E /* Data.swift in Sources */ = {isa = PBXBuildFile; fileRef = 0390E2B12A29677500FBF94E /* Data.swift */; };
		0390E2B52A296B1200FBF94E /* CardView.swift in Sources */ = {isa = PBXBuildFile; fileRef = 0390E2B42A296B1200FBF94E /* CardView.swift */; };
		03AA2FAC2A2AAACA00DFD53B /* Map.storyboard in Resources */ = {isa = PBXBuildFile; fileRef = 03AA2FAB2A2AAACA00DFD53B /* Map.storyboard */; };
		03AA2FAF2A2AAB1700DFD53B /* mapViewController.swift in Sources */ = {isa = PBXBuildFile; fileRef = 03AA2FAE2A2AAB1700DFD53B /* mapViewController.swift */; };
		03E92A002A2A8C7800821D7A /* EnterLocation.storyboard in Resources */ = {isa = PBXBuildFile; fileRef = 03E929FF2A2A8C7800821D7A /* EnterLocation.storyboard */; };
		03E92A022A2A8FA300821D7A /* HelperFunction.swift in Sources */ = {isa = PBXBuildFile; fileRef = 03E92A012A2A8FA300821D7A /* HelperFunction.swift */; };
		03F7ACCB2A295FD8008CB4D8 /* Profile.storyboard in Resources */ = {isa = PBXBuildFile; fileRef = 03F7ACCA2A295FD8008CB4D8 /* Profile.storyboard */; };
		03FBC51C2A2927920074D6FA /* UIViewController+Extension.swift in Sources */ = {isa = PBXBuildFile; fileRef = 03FBC51B2A2927920074D6FA /* UIViewController+Extension.swift */; };
		03FBC51E2A2928A70074D6FA /* UserDefault+Extension.swift in Sources */ = {isa = PBXBuildFile; fileRef = 03FBC51D2A2928A70074D6FA /* UserDefault+Extension.swift */; };
		03FBC5232A29300A0074D6FA /* SplashViewController.swift in Sources */ = {isa = PBXBuildFile; fileRef = 03FBC5222A29300A0074D6FA /* SplashViewController.swift */; };
		03FBC5262A2930AC0074D6FA /* Splash.storyboard in Resources */ = {isa = PBXBuildFile; fileRef = 03FBC5252A2930AC0074D6FA /* Splash.storyboard */; };
		32CE2A67C8BAE1D82779E8E6 /* Pods_YRStor_YRStorUITests.framework in Frameworks */ = {isa = PBXBuildFile; fileRef = 2DC3994E96C16E52DF933B74 /* Pods_YRStor_YRStorUITests.framework */; };
		73AA78B3068D1F104F3120B1 /* Pods_YRStorTests.framework in Frameworks */ = {isa = PBXBuildFile; fileRef = 2EDB96B1ED9A1F1BF7073BCB /* Pods_YRStorTests.framework */; };
		9C59911D2A28C08C00E4DC6E /* AppDelegate.swift in Sources */ = {isa = PBXBuildFile; fileRef = 9C59911C2A28C08C00E4DC6E /* AppDelegate.swift */; };
		9C59911F2A28C08C00E4DC6E /* SceneDelegate.swift in Sources */ = {isa = PBXBuildFile; fileRef = 9C59911E2A28C08C00E4DC6E /* SceneDelegate.swift */; };
		9C5991212A28C08C00E4DC6E /* ViewController.swift in Sources */ = {isa = PBXBuildFile; fileRef = 9C5991202A28C08C00E4DC6E /* ViewController.swift */; };
		9C5991242A28C08C00E4DC6E /* Main.storyboard in Resources */ = {isa = PBXBuildFile; fileRef = 9C5991222A28C08C00E4DC6E /* Main.storyboard */; };
		9C5991272A28C08C00E4DC6E /* YRStor.xcdatamodeld in Sources */ = {isa = PBXBuildFile; fileRef = 9C5991252A28C08C00E4DC6E /* YRStor.xcdatamodeld */; };
		9C5991292A28C08F00E4DC6E /* Assets.xcassets in Resources */ = {isa = PBXBuildFile; fileRef = 9C5991282A28C08F00E4DC6E /* Assets.xcassets */; };
		9C59912C2A28C08F00E4DC6E /* LaunchScreen.storyboard in Resources */ = {isa = PBXBuildFile; fileRef = 9C59912A2A28C08F00E4DC6E /* LaunchScreen.storyboard */; };
		9C5991372A28C08F00E4DC6E /* YRStorTests.swift in Sources */ = {isa = PBXBuildFile; fileRef = 9C5991362A28C08F00E4DC6E /* YRStorTests.swift */; };
		9C5991412A28C08F00E4DC6E /* YRStorUITests.swift in Sources */ = {isa = PBXBuildFile; fileRef = 9C5991402A28C08F00E4DC6E /* YRStorUITests.swift */; };
		9C5991432A28C08F00E4DC6E /* YRStorUITestsLaunchTests.swift in Sources */ = {isa = PBXBuildFile; fileRef = 9C5991422A28C08F00E4DC6E /* YRStorUITestsLaunchTests.swift */; };
		9C5991512A28C0C300E4DC6E /* SplashLottie.json in Resources */ = {isa = PBXBuildFile; fileRef = 9C5991502A28C0C300E4DC6E /* SplashLottie.json */; };
		9C5991632A28C10000E4DC6E /* HomeViewModel.swift in Sources */ = {isa = PBXBuildFile; fileRef = 9C5991542A28C10000E4DC6E /* HomeViewModel.swift */; };
		9C5991642A28C10000E4DC6E /* HomeBrand.swift in Sources */ = {isa = PBXBuildFile; fileRef = 9C5991562A28C10000E4DC6E /* HomeBrand.swift */; };
		9C5991652A28C10000E4DC6E /* HomeAd.swift in Sources */ = {isa = PBXBuildFile; fileRef = 9C5991572A28C10000E4DC6E /* HomeAd.swift */; };
		9C5991662A28C10000E4DC6E /* HomeStoryboard.storyboard in Resources */ = {isa = PBXBuildFile; fileRef = 9C59915A2A28C10000E4DC6E /* HomeStoryboard.storyboard */; };
		9C5991672A28C10000E4DC6E /* BrandCollectionViewCell.xib in Resources */ = {isa = PBXBuildFile; fileRef = 9C59915C2A28C10000E4DC6E /* BrandCollectionViewCell.xib */; };
		9C5991682A28C10000E4DC6E /* BrandCollectionViewCell.swift in Sources */ = {isa = PBXBuildFile; fileRef = 9C59915D2A28C10000E4DC6E /* BrandCollectionViewCell.swift */; };
		9C5991692A28C10000E4DC6E /* HomeViewController.swift in Sources */ = {isa = PBXBuildFile; fileRef = 9C59915F2A28C10000E4DC6E /* HomeViewController.swift */; };
		9C59916A2A28C10000E4DC6E /* AdsCollectionViewCell.xib in Resources */ = {isa = PBXBuildFile; fileRef = 9C5991612A28C10000E4DC6E /* AdsCollectionViewCell.xib */; };
		9C59916B2A28C10000E4DC6E /* AdsCollectionViewCell.swift in Sources */ = {isa = PBXBuildFile; fileRef = 9C5991622A28C10000E4DC6E /* AdsCollectionViewCell.swift */; };
		9C5991772A28C29600E4DC6E /* DataBaseManager.swift in Sources */ = {isa = PBXBuildFile; fileRef = 9C5991762A28C29600E4DC6E /* DataBaseManager.swift */; };
		9C59917A2A28C2A100E4DC6E /* NetworkManager.swift in Sources */ = {isa = PBXBuildFile; fileRef = 9C5991792A28C2A100E4DC6E /* NetworkManager.swift */; };
		9C59917C2A28C2A900E4DC6E /* Repo.swift in Sources */ = {isa = PBXBuildFile; fileRef = 9C59917B2A28C2A900E4DC6E /* Repo.swift */; };
		9C5991802A28C3A200E4DC6E /* Constant.swift in Sources */ = {isa = PBXBuildFile; fileRef = 9C59917E2A28C3A100E4DC6E /* Constant.swift */; };
		9C5991812A28C3A200E4DC6E /* Router.swift in Sources */ = {isa = PBXBuildFile; fileRef = 9C59917F2A28C3A100E4DC6E /* Router.swift */; };
		D9F73E30822D2AD88F24D7E5 /* Pods_YRStor.framework in Frameworks */ = {isa = PBXBuildFile; fileRef = A88118EB88C404800BF6CEA0 /* Pods_YRStor.framework */; };
/* End PBXBuildFile section */

/* Begin PBXContainerItemProxy section */
		9C5991332A28C08F00E4DC6E /* PBXContainerItemProxy */ = {
			isa = PBXContainerItemProxy;
			containerPortal = 9C5991112A28C08C00E4DC6E /* Project object */;
			proxyType = 1;
			remoteGlobalIDString = 9C5991182A28C08C00E4DC6E;
			remoteInfo = YRStor;
		};
		9C59913D2A28C08F00E4DC6E /* PBXContainerItemProxy */ = {
			isa = PBXContainerItemProxy;
			containerPortal = 9C5991112A28C08C00E4DC6E /* Project object */;
			proxyType = 1;
			remoteGlobalIDString = 9C5991182A28C08C00E4DC6E;
			remoteInfo = YRStor;
		};
/* End PBXContainerItemProxy section */

/* Begin PBXFileReference section */
		033DF8952A291224009C079A /* Onboarding.storyboard */ = {isa = PBXFileReference; lastKnownFileType = file.storyboard; path = Onboarding.storyboard; sourceTree = "<group>"; };
		033DF8972A291245009C079A /* onboardingSlide.swift */ = {isa = PBXFileReference; fileEncoding = 4; lastKnownFileType = sourcecode.swift; path = onboardingSlide.swift; sourceTree = "<group>"; };
		033DF8992A29124E009C079A /* onboardingViewController.swift */ = {isa = PBXFileReference; fileEncoding = 4; lastKnownFileType = sourcecode.swift; path = onboardingViewController.swift; sourceTree = "<group>"; };
		033DF89B2A291254009C079A /* onboardingCollectionViewCell.swift */ = {isa = PBXFileReference; fileEncoding = 4; lastKnownFileType = sourcecode.swift; path = onboardingCollectionViewCell.swift; sourceTree = "<group>"; };
		033DF89E2A2912BB009C079A /* UIView+Etension.swift */ = {isa = PBXFileReference; fileEncoding = 4; lastKnownFileType = sourcecode.swift; path = "UIView+Etension.swift"; sourceTree = "<group>"; };
		034767062A2A706F00DD6CD3 /* Location.swift */ = {isa = PBXFileReference; lastKnownFileType = sourcecode.swift; path = Location.swift; sourceTree = "<group>"; };
		03803B222A2A6AD300A91313 /* Location.storyboard */ = {isa = PBXFileReference; lastKnownFileType = file.storyboard; path = Location.storyboard; sourceTree = "<group>"; };
		03803B242A2A6AF200A91313 /* LocationViewController.swift */ = {isa = PBXFileReference; lastKnownFileType = sourcecode.swift; path = LocationViewController.swift; sourceTree = "<group>"; };
		03803B292A2A6D9200A91313 /* LocationCollectionViewCell.swift */ = {isa = PBXFileReference; lastKnownFileType = sourcecode.swift; path = LocationCollectionViewCell.swift; sourceTree = "<group>"; };
		03803B2A2A2A6D9200A91313 /* LocationCollectionViewCell.xib */ = {isa = PBXFileReference; lastKnownFileType = file.xib; path = LocationCollectionViewCell.xib; sourceTree = "<group>"; };
		038DDDCD2A2B83C60051D0A8 /* EnterLocationViewController.swift */ = {isa = PBXFileReference; lastKnownFileType = sourcecode.swift; path = EnterLocationViewController.swift; sourceTree = "<group>"; };
		038DDDD42A2B873C0051D0A8 /* MyOrder.storyboard */ = {isa = PBXFileReference; lastKnownFileType = file.storyboard; path = MyOrder.storyboard; sourceTree = "<group>"; };
		038DDDD72A2B87610051D0A8 /* MyOrderViewController.swift */ = {isa = PBXFileReference; lastKnownFileType = sourcecode.swift; path = MyOrderViewController.swift; sourceTree = "<group>"; };
		038DDDDD2A2B87DA0051D0A8 /* OrdersCollectionViewCell.swift */ = {isa = PBXFileReference; lastKnownFileType = sourcecode.swift; path = OrdersCollectionViewCell.swift; sourceTree = "<group>"; };
		038DDDDE2A2B87DA0051D0A8 /* OrdersCollectionViewCell.xib */ = {isa = PBXFileReference; lastKnownFileType = file.xib; path = OrdersCollectionViewCell.xib; sourceTree = "<group>"; };
		038DDDE12A2B8C690051D0A8 /* MyOrder.swift */ = {isa = PBXFileReference; lastKnownFileType = sourcecode.swift; path = MyOrder.swift; sourceTree = "<group>"; };
		0390E2AA2A29654100FBF94E /* ProfileViewController.swift */ = {isa = PBXFileReference; lastKnownFileType = sourcecode.swift; path = ProfileViewController.swift; sourceTree = "<group>"; };
		0390E2AD2A29665200FBF94E /* DataCollectionViewCell.swift */ = {isa = PBXFileReference; lastKnownFileType = sourcecode.swift; path = DataCollectionViewCell.swift; sourceTree = "<group>"; };
		0390E2AE2A29665200FBF94E /* DataCollectionViewCell.xib */ = {isa = PBXFileReference; lastKnownFileType = file.xib; path = DataCollectionViewCell.xib; sourceTree = "<group>"; };
		0390E2B12A29677500FBF94E /* Data.swift */ = {isa = PBXFileReference; lastKnownFileType = sourcecode.swift; path = Data.swift; sourceTree = "<group>"; };
		0390E2B42A296B1200FBF94E /* CardView.swift */ = {isa = PBXFileReference; fileEncoding = 4; lastKnownFileType = sourcecode.swift; path = CardView.swift; sourceTree = "<group>"; };
		03AA2FAB2A2AAACA00DFD53B /* Map.storyboard */ = {isa = PBXFileReference; lastKnownFileType = file.storyboard; path = Map.storyboard; sourceTree = "<group>"; };
		03AA2FAE2A2AAB1700DFD53B /* mapViewController.swift */ = {isa = PBXFileReference; lastKnownFileType = sourcecode.swift; path = mapViewController.swift; sourceTree = "<group>"; };
		03E929FF2A2A8C7800821D7A /* EnterLocation.storyboard */ = {isa = PBXFileReference; lastKnownFileType = file.storyboard; path = EnterLocation.storyboard; sourceTree = "<group>"; };
		03E92A012A2A8FA300821D7A /* HelperFunction.swift */ = {isa = PBXFileReference; lastKnownFileType = sourcecode.swift; path = HelperFunction.swift; sourceTree = "<group>"; };
		03F7ACCA2A295FD8008CB4D8 /* Profile.storyboard */ = {isa = PBXFileReference; lastKnownFileType = file.storyboard; path = Profile.storyboard; sourceTree = "<group>"; };
		03FBC51B2A2927920074D6FA /* UIViewController+Extension.swift */ = {isa = PBXFileReference; fileEncoding = 4; lastKnownFileType = sourcecode.swift; path = "UIViewController+Extension.swift"; sourceTree = "<group>"; };
		03FBC51D2A2928A70074D6FA /* UserDefault+Extension.swift */ = {isa = PBXFileReference; fileEncoding = 4; lastKnownFileType = sourcecode.swift; path = "UserDefault+Extension.swift"; sourceTree = "<group>"; };
		03FBC5222A29300A0074D6FA /* SplashViewController.swift */ = {isa = PBXFileReference; lastKnownFileType = sourcecode.swift; path = SplashViewController.swift; sourceTree = "<group>"; };
		03FBC5252A2930AC0074D6FA /* Splash.storyboard */ = {isa = PBXFileReference; lastKnownFileType = file.storyboard; path = Splash.storyboard; sourceTree = "<group>"; };
		200434278765509FCA98B38D /* Pods-YRStorTests.debug.xcconfig */ = {isa = PBXFileReference; includeInIndex = 1; lastKnownFileType = text.xcconfig; name = "Pods-YRStorTests.debug.xcconfig"; path = "Target Support Files/Pods-YRStorTests/Pods-YRStorTests.debug.xcconfig"; sourceTree = "<group>"; };
		2DC3994E96C16E52DF933B74 /* Pods_YRStor_YRStorUITests.framework */ = {isa = PBXFileReference; explicitFileType = wrapper.framework; includeInIndex = 0; path = Pods_YRStor_YRStorUITests.framework; sourceTree = BUILT_PRODUCTS_DIR; };
		2EDB96B1ED9A1F1BF7073BCB /* Pods_YRStorTests.framework */ = {isa = PBXFileReference; explicitFileType = wrapper.framework; includeInIndex = 0; path = Pods_YRStorTests.framework; sourceTree = BUILT_PRODUCTS_DIR; };
		3025334C054FCE49924D72CF /* Pods-YRStor.debug.xcconfig */ = {isa = PBXFileReference; includeInIndex = 1; lastKnownFileType = text.xcconfig; name = "Pods-YRStor.debug.xcconfig"; path = "Target Support Files/Pods-YRStor/Pods-YRStor.debug.xcconfig"; sourceTree = "<group>"; };
		358503DE45EDCB6944ECA750 /* Pods-YRStor-YRStorUITests.debug.xcconfig */ = {isa = PBXFileReference; includeInIndex = 1; lastKnownFileType = text.xcconfig; name = "Pods-YRStor-YRStorUITests.debug.xcconfig"; path = "Target Support Files/Pods-YRStor-YRStorUITests/Pods-YRStor-YRStorUITests.debug.xcconfig"; sourceTree = "<group>"; };
		41440B744D119AA582A88FB4 /* Pods-YRStor.release.xcconfig */ = {isa = PBXFileReference; includeInIndex = 1; lastKnownFileType = text.xcconfig; name = "Pods-YRStor.release.xcconfig"; path = "Target Support Files/Pods-YRStor/Pods-YRStor.release.xcconfig"; sourceTree = "<group>"; };
		9C5991192A28C08C00E4DC6E /* YRStor.app */ = {isa = PBXFileReference; explicitFileType = wrapper.application; includeInIndex = 0; path = YRStor.app; sourceTree = BUILT_PRODUCTS_DIR; };
		9C59911C2A28C08C00E4DC6E /* AppDelegate.swift */ = {isa = PBXFileReference; lastKnownFileType = sourcecode.swift; path = AppDelegate.swift; sourceTree = "<group>"; };
		9C59911E2A28C08C00E4DC6E /* SceneDelegate.swift */ = {isa = PBXFileReference; lastKnownFileType = sourcecode.swift; path = SceneDelegate.swift; sourceTree = "<group>"; };
		9C5991202A28C08C00E4DC6E /* ViewController.swift */ = {isa = PBXFileReference; lastKnownFileType = sourcecode.swift; path = ViewController.swift; sourceTree = "<group>"; };
		9C5991232A28C08C00E4DC6E /* Base */ = {isa = PBXFileReference; lastKnownFileType = file.storyboard; name = Base; path = Base.lproj/Main.storyboard; sourceTree = "<group>"; };
		9C5991262A28C08C00E4DC6E /* YRStor.xcdatamodel */ = {isa = PBXFileReference; lastKnownFileType = wrapper.xcdatamodel; path = YRStor.xcdatamodel; sourceTree = "<group>"; };
		9C5991282A28C08F00E4DC6E /* Assets.xcassets */ = {isa = PBXFileReference; lastKnownFileType = folder.assetcatalog; path = Assets.xcassets; sourceTree = "<group>"; };
		9C59912B2A28C08F00E4DC6E /* Base */ = {isa = PBXFileReference; lastKnownFileType = file.storyboard; name = Base; path = Base.lproj/LaunchScreen.storyboard; sourceTree = "<group>"; };
		9C59912D2A28C08F00E4DC6E /* Info.plist */ = {isa = PBXFileReference; lastKnownFileType = text.plist.xml; path = Info.plist; sourceTree = "<group>"; };
		9C5991322A28C08F00E4DC6E /* YRStorTests.xctest */ = {isa = PBXFileReference; explicitFileType = wrapper.cfbundle; includeInIndex = 0; path = YRStorTests.xctest; sourceTree = BUILT_PRODUCTS_DIR; };
		9C5991362A28C08F00E4DC6E /* YRStorTests.swift */ = {isa = PBXFileReference; lastKnownFileType = sourcecode.swift; path = YRStorTests.swift; sourceTree = "<group>"; };
		9C59913C2A28C08F00E4DC6E /* YRStorUITests.xctest */ = {isa = PBXFileReference; explicitFileType = wrapper.cfbundle; includeInIndex = 0; path = YRStorUITests.xctest; sourceTree = BUILT_PRODUCTS_DIR; };
		9C5991402A28C08F00E4DC6E /* YRStorUITests.swift */ = {isa = PBXFileReference; lastKnownFileType = sourcecode.swift; path = YRStorUITests.swift; sourceTree = "<group>"; };
		9C5991422A28C08F00E4DC6E /* YRStorUITestsLaunchTests.swift */ = {isa = PBXFileReference; lastKnownFileType = sourcecode.swift; path = YRStorUITestsLaunchTests.swift; sourceTree = "<group>"; };
		9C5991502A28C0C300E4DC6E /* SplashLottie.json */ = {isa = PBXFileReference; fileEncoding = 4; lastKnownFileType = text.json; path = SplashLottie.json; sourceTree = "<group>"; };
		9C5991542A28C10000E4DC6E /* HomeViewModel.swift */ = {isa = PBXFileReference; fileEncoding = 4; lastKnownFileType = sourcecode.swift; path = HomeViewModel.swift; sourceTree = "<group>"; };
		9C5991562A28C10000E4DC6E /* HomeBrand.swift */ = {isa = PBXFileReference; fileEncoding = 4; lastKnownFileType = sourcecode.swift; path = HomeBrand.swift; sourceTree = "<group>"; };
		9C5991572A28C10000E4DC6E /* HomeAd.swift */ = {isa = PBXFileReference; fileEncoding = 4; lastKnownFileType = sourcecode.swift; path = HomeAd.swift; sourceTree = "<group>"; };
		9C59915A2A28C10000E4DC6E /* HomeStoryboard.storyboard */ = {isa = PBXFileReference; fileEncoding = 4; lastKnownFileType = file.storyboard; path = HomeStoryboard.storyboard; sourceTree = "<group>"; };
		9C59915C2A28C10000E4DC6E /* BrandCollectionViewCell.xib */ = {isa = PBXFileReference; fileEncoding = 4; lastKnownFileType = file.xib; path = BrandCollectionViewCell.xib; sourceTree = "<group>"; };
		9C59915D2A28C10000E4DC6E /* BrandCollectionViewCell.swift */ = {isa = PBXFileReference; fileEncoding = 4; lastKnownFileType = sourcecode.swift; path = BrandCollectionViewCell.swift; sourceTree = "<group>"; };
		9C59915F2A28C10000E4DC6E /* HomeViewController.swift */ = {isa = PBXFileReference; fileEncoding = 4; lastKnownFileType = sourcecode.swift; path = HomeViewController.swift; sourceTree = "<group>"; };
		9C5991612A28C10000E4DC6E /* AdsCollectionViewCell.xib */ = {isa = PBXFileReference; fileEncoding = 4; lastKnownFileType = file.xib; path = AdsCollectionViewCell.xib; sourceTree = "<group>"; };
		9C5991622A28C10000E4DC6E /* AdsCollectionViewCell.swift */ = {isa = PBXFileReference; fileEncoding = 4; lastKnownFileType = sourcecode.swift; path = AdsCollectionViewCell.swift; sourceTree = "<group>"; };
		9C5991762A28C29600E4DC6E /* DataBaseManager.swift */ = {isa = PBXFileReference; fileEncoding = 4; lastKnownFileType = sourcecode.swift; path = DataBaseManager.swift; sourceTree = "<group>"; };
		9C5991792A28C2A100E4DC6E /* NetworkManager.swift */ = {isa = PBXFileReference; fileEncoding = 4; lastKnownFileType = sourcecode.swift; path = NetworkManager.swift; sourceTree = "<group>"; };
		9C59917B2A28C2A900E4DC6E /* Repo.swift */ = {isa = PBXFileReference; fileEncoding = 4; lastKnownFileType = sourcecode.swift; path = Repo.swift; sourceTree = "<group>"; };
		9C59917E2A28C3A100E4DC6E /* Constant.swift */ = {isa = PBXFileReference; fileEncoding = 4; lastKnownFileType = sourcecode.swift; path = Constant.swift; sourceTree = "<group>"; };
		9C59917F2A28C3A100E4DC6E /* Router.swift */ = {isa = PBXFileReference; fileEncoding = 4; lastKnownFileType = sourcecode.swift; path = Router.swift; sourceTree = "<group>"; };
		A88118EB88C404800BF6CEA0 /* Pods_YRStor.framework */ = {isa = PBXFileReference; explicitFileType = wrapper.framework; includeInIndex = 0; path = Pods_YRStor.framework; sourceTree = BUILT_PRODUCTS_DIR; };
		CD76B79CA8DF8613788D12CA /* Pods-YRStor-YRStorUITests.release.xcconfig */ = {isa = PBXFileReference; includeInIndex = 1; lastKnownFileType = text.xcconfig; name = "Pods-YRStor-YRStorUITests.release.xcconfig"; path = "Target Support Files/Pods-YRStor-YRStorUITests/Pods-YRStor-YRStorUITests.release.xcconfig"; sourceTree = "<group>"; };
		F41BE7052BB6C8716FE3396B /* Pods-YRStorTests.release.xcconfig */ = {isa = PBXFileReference; includeInIndex = 1; lastKnownFileType = text.xcconfig; name = "Pods-YRStorTests.release.xcconfig"; path = "Target Support Files/Pods-YRStorTests/Pods-YRStorTests.release.xcconfig"; sourceTree = "<group>"; };
/* End PBXFileReference section */

/* Begin PBXFrameworksBuildPhase section */
		9C5991162A28C08C00E4DC6E /* Frameworks */ = {
			isa = PBXFrameworksBuildPhase;
			buildActionMask = 2147483647;
			files = (
				D9F73E30822D2AD88F24D7E5 /* Pods_YRStor.framework in Frameworks */,
			);
			runOnlyForDeploymentPostprocessing = 0;
		};
		9C59912F2A28C08F00E4DC6E /* Frameworks */ = {
			isa = PBXFrameworksBuildPhase;
			buildActionMask = 2147483647;
			files = (
				73AA78B3068D1F104F3120B1 /* Pods_YRStorTests.framework in Frameworks */,
			);
			runOnlyForDeploymentPostprocessing = 0;
		};
		9C5991392A28C08F00E4DC6E /* Frameworks */ = {
			isa = PBXFrameworksBuildPhase;
			buildActionMask = 2147483647;
			files = (
				32CE2A67C8BAE1D82779E8E6 /* Pods_YRStor_YRStorUITests.framework in Frameworks */,
			);
			runOnlyForDeploymentPostprocessing = 0;
		};
/* End PBXFrameworksBuildPhase section */

/* Begin PBXGroup section */
		033DF8912A29119F009C079A /* Model */ = {
			isa = PBXGroup;
			children = (
				033DF8972A291245009C079A /* onboardingSlide.swift */,
			);
			path = Model;
			sourceTree = "<group>";
		};
		033DF8922A2911AF009C079A /* View */ = {
			isa = PBXGroup;
			children = (
				033DF8942A2911CB009C079A /* Controller */,
				033DF8932A2911BC009C079A /* Storyboard */,
			);
			path = View;
			sourceTree = "<group>";
		};
		033DF8932A2911BC009C079A /* Storyboard */ = {
			isa = PBXGroup;
			children = (
				033DF8952A291224009C079A /* Onboarding.storyboard */,
			);
			path = Storyboard;
			sourceTree = "<group>";
		};
		033DF8942A2911CB009C079A /* Controller */ = {
			isa = PBXGroup;
			children = (
				033DF89B2A291254009C079A /* onboardingCollectionViewCell.swift */,
				033DF8992A29124E009C079A /* onboardingViewController.swift */,
			);
			path = Controller;
			sourceTree = "<group>";
		};
		033DF89D2A2912A8009C079A /* Extension */ = {
			isa = PBXGroup;
			children = (
				03FBC51B2A2927920074D6FA /* UIViewController+Extension.swift */,
				033DF89E2A2912BB009C079A /* UIView+Etension.swift */,
				03FBC51D2A2928A70074D6FA /* UserDefault+Extension.swift */,
			);
			path = Extension;
			sourceTree = "<group>";
		};
		03803B1E2A2A6A4E00A91313 /* Location */ = {
			isa = PBXGroup;
			children = (
				03803B282A2A6B1600A91313 /* ViewModel */,
				03803B272A2A6B0C00A91313 /* Model */,
				03803B1F2A2A6A8600A91313 /* View */,
			);
			path = Location;
			sourceTree = "<group>";
		};
		03803B1F2A2A6A8600A91313 /* View */ = {
			isa = PBXGroup;
			children = (
				03803B2D2A2A6DB300A91313 /* LocationCollection */,
				03803B212A2A6A9900A91313 /* Storyboard */,
				03803B202A2A6A8E00A91313 /* Controller */,
			);
			path = View;
			sourceTree = "<group>";
		};
		03803B202A2A6A8E00A91313 /* Controller */ = {
			isa = PBXGroup;
			children = (
				03803B242A2A6AF200A91313 /* LocationViewController.swift */,
			);
			path = Controller;
			sourceTree = "<group>";
		};
		03803B212A2A6A9900A91313 /* Storyboard */ = {
			isa = PBXGroup;
			children = (
				03803B222A2A6AD300A91313 /* Location.storyboard */,
			);
			path = Storyboard;
			sourceTree = "<group>";
		};
		03803B272A2A6B0C00A91313 /* Model */ = {
			isa = PBXGroup;
			children = (
				034767062A2A706F00DD6CD3 /* Location.swift */,
			);
			path = Model;
			sourceTree = "<group>";
		};
		03803B282A2A6B1600A91313 /* ViewModel */ = {
			isa = PBXGroup;
			children = (
			);
			path = ViewModel;
			sourceTree = "<group>";
		};
		03803B2D2A2A6DB300A91313 /* LocationCollection */ = {
			isa = PBXGroup;
			children = (
				03803B2A2A2A6D9200A91313 /* LocationCollectionViewCell.xib */,
				03803B292A2A6D9200A91313 /* LocationCollectionViewCell.swift */,
			);
			path = LocationCollection;
			sourceTree = "<group>";
		};
		038DDDCC2A2B83AF0051D0A8 /* Controller */ = {
			isa = PBXGroup;
			children = (
				038DDDCD2A2B83C60051D0A8 /* EnterLocationViewController.swift */,
			);
			path = Controller;
			sourceTree = "<group>";
		};
		038DDDCF2A2B86DC0051D0A8 /* MyOrder */ = {
			isa = PBXGroup;
			children = (
				038DDDD22A2B871C0051D0A8 /* ViewModel */,
				038DDDD12A2B87140051D0A8 /* View */,
				038DDDD02A2B870C0051D0A8 /* Model */,
			);
			path = MyOrder;
			sourceTree = "<group>";
		};
		038DDDD02A2B870C0051D0A8 /* Model */ = {
			isa = PBXGroup;
			children = (
				038DDDE12A2B8C690051D0A8 /* MyOrder.swift */,
			);
			path = Model;
			sourceTree = "<group>";
		};
		038DDDD12A2B87140051D0A8 /* View */ = {
			isa = PBXGroup;
			children = (
				038DDDD92A2B87720051D0A8 /* Orders */,
				038DDDD62A2B87410051D0A8 /* Controller */,
				038DDDD32A2B87260051D0A8 /* Storyboard */,
			);
			path = View;
			sourceTree = "<group>";
		};
		038DDDD22A2B871C0051D0A8 /* ViewModel */ = {
			isa = PBXGroup;
			children = (
			);
			path = ViewModel;
			sourceTree = "<group>";
		};
		038DDDD32A2B87260051D0A8 /* Storyboard */ = {
			isa = PBXGroup;
			children = (
				038DDDD42A2B873C0051D0A8 /* MyOrder.storyboard */,
			);
			path = Storyboard;
			sourceTree = "<group>";
		};
		038DDDD62A2B87410051D0A8 /* Controller */ = {
			isa = PBXGroup;
			children = (
				038DDDD72A2B87610051D0A8 /* MyOrderViewController.swift */,
			);
			path = Controller;
			sourceTree = "<group>";
		};
		038DDDD92A2B87720051D0A8 /* Orders */ = {
			isa = PBXGroup;
			children = (
				038DDDDD2A2B87DA0051D0A8 /* OrdersCollectionViewCell.swift */,
				038DDDDE2A2B87DA0051D0A8 /* OrdersCollectionViewCell.xib */,
			);
			path = Orders;
			sourceTree = "<group>";
		};
		0390E2AC2A29661D00FBF94E /* DataCollectionView */ = {
			isa = PBXGroup;
			children = (
				0390E2AD2A29665200FBF94E /* DataCollectionViewCell.swift */,
				0390E2AE2A29665200FBF94E /* DataCollectionViewCell.xib */,
			);
			path = DataCollectionView;
			sourceTree = "<group>";
		};
		0390E2B32A296AF400FBF94E /* CustomView */ = {
			isa = PBXGroup;
			children = (
				0390E2B42A296B1200FBF94E /* CardView.swift */,
			);
			path = CustomView;
			sourceTree = "<group>";
		};
		03AA2FA62A2AAA0300DFD53B /* Map */ = {
			isa = PBXGroup;
			children = (
				03AA2FA92A2AAA5A00DFD53B /* Model */,
				03AA2FA82A2AAA5200DFD53B /* View */,
				03AA2FA72A2AAA2100DFD53B /* ViewModel */,
			);
			path = Map;
			sourceTree = "<group>";
		};
		03AA2FA72A2AAA2100DFD53B /* ViewModel */ = {
			isa = PBXGroup;
			children = (
			);
			path = ViewModel;
			sourceTree = "<group>";
		};
		03AA2FA82A2AAA5200DFD53B /* View */ = {
			isa = PBXGroup;
			children = (
				03AA2FAD2A2AAADF00DFD53B /* Controller */,
				03AA2FAA2A2AAA8900DFD53B /* Storyboard */,
			);
			path = View;
			sourceTree = "<group>";
		};
		03AA2FA92A2AAA5A00DFD53B /* Model */ = {
			isa = PBXGroup;
			children = (
			);
			path = Model;
			sourceTree = "<group>";
		};
		03AA2FAA2A2AAA8900DFD53B /* Storyboard */ = {
			isa = PBXGroup;
			children = (
				03AA2FAB2A2AAACA00DFD53B /* Map.storyboard */,
			);
			path = Storyboard;
			sourceTree = "<group>";
		};
		03AA2FAD2A2AAADF00DFD53B /* Controller */ = {
			isa = PBXGroup;
			children = (
				03AA2FAE2A2AAB1700DFD53B /* mapViewController.swift */,
			);
			path = Controller;
			sourceTree = "<group>";
		};
		03E929FA2A2A8B2500821D7A /* EnterLocation */ = {
			isa = PBXGroup;
			children = (
				03E929FD2A2A8C0E00821D7A /* Model */,
				03E929FC2A2A8BEB00821D7A /* View */,
				03E929FB2A2A8BB100821D7A /* ViewModel */,
			);
			path = EnterLocation;
			sourceTree = "<group>";
		};
		03E929FB2A2A8BB100821D7A /* ViewModel */ = {
			isa = PBXGroup;
			children = (
			);
			path = ViewModel;
			sourceTree = "<group>";
		};
		03E929FC2A2A8BEB00821D7A /* View */ = {
			isa = PBXGroup;
			children = (
				038DDDCC2A2B83AF0051D0A8 /* Controller */,
				03E929FE2A2A8C3500821D7A /* StoryBoard */,
			);
			path = View;
			sourceTree = "<group>";
		};
		03E929FD2A2A8C0E00821D7A /* Model */ = {
			isa = PBXGroup;
			children = (
			);
			path = Model;
			sourceTree = "<group>";
		};
		03E929FE2A2A8C3500821D7A /* StoryBoard */ = {
			isa = PBXGroup;
			children = (
				03E929FF2A2A8C7800821D7A /* EnterLocation.storyboard */,
			);
			path = StoryBoard;
			sourceTree = "<group>";
		};
		03F7ACC52A295D75008CB4D8 /* Model */ = {
			isa = PBXGroup;
			children = (
				0390E2B12A29677500FBF94E /* Data.swift */,
			);
			path = Model;
			sourceTree = "<group>";
		};
		03F7ACC62A295D81008CB4D8 /* View */ = {
			isa = PBXGroup;
			children = (
				03F7ACC92A295DD7008CB4D8 /* Controller */,
				0390E2AC2A29661D00FBF94E /* DataCollectionView */,
				03F7ACC82A295DC1008CB4D8 /* Storyboard */,
			);
			path = View;
			sourceTree = "<group>";
		};
		03F7ACC72A295D8B008CB4D8 /* ViewModel */ = {
			isa = PBXGroup;
			children = (
			);
			path = ViewModel;
			sourceTree = "<group>";
		};
		03F7ACC82A295DC1008CB4D8 /* Storyboard */ = {
			isa = PBXGroup;
			children = (
				03F7ACCA2A295FD8008CB4D8 /* Profile.storyboard */,
			);
			path = Storyboard;
			sourceTree = "<group>";
		};
		03F7ACC92A295DD7008CB4D8 /* Controller */ = {
			isa = PBXGroup;
			children = (
				0390E2AA2A29654100FBF94E /* ProfileViewController.swift */,
			);
			path = Controller;
			sourceTree = "<group>";
		};
		03FBC51F2A292FC60074D6FA /* Splash */ = {
			isa = PBXGroup;
			children = (
				03FBC5212A292FD70074D6FA /* Controller */,
				03FBC5202A292FCF0074D6FA /* View */,
			);
			path = Splash;
			sourceTree = "<group>";
		};
		03FBC5202A292FCF0074D6FA /* View */ = {
			isa = PBXGroup;
			children = (
				03FBC5242A2930830074D6FA /* Storyboard */,
			);
			path = View;
			sourceTree = "<group>";
		};
		03FBC5212A292FD70074D6FA /* Controller */ = {
			isa = PBXGroup;
			children = (
				03FBC5222A29300A0074D6FA /* SplashViewController.swift */,
			);
			path = Controller;
			sourceTree = "<group>";
		};
		03FBC5242A2930830074D6FA /* Storyboard */ = {
			isa = PBXGroup;
			children = (
				03FBC5252A2930AC0074D6FA /* Splash.storyboard */,
			);
			path = Storyboard;
			sourceTree = "<group>";
		};
		36B66390A5FFB49A074EA3C1 /* Frameworks */ = {
			isa = PBXGroup;
			children = (
				A88118EB88C404800BF6CEA0 /* Pods_YRStor.framework */,
				2DC3994E96C16E52DF933B74 /* Pods_YRStor_YRStorUITests.framework */,
				2EDB96B1ED9A1F1BF7073BCB /* Pods_YRStorTests.framework */,
			);
			name = Frameworks;
			sourceTree = "<group>";
		};
		5D1733BEDE60BA4DF1B5045B /* Pods */ = {
			isa = PBXGroup;
			children = (
				3025334C054FCE49924D72CF /* Pods-YRStor.debug.xcconfig */,
				41440B744D119AA582A88FB4 /* Pods-YRStor.release.xcconfig */,
				358503DE45EDCB6944ECA750 /* Pods-YRStor-YRStorUITests.debug.xcconfig */,
				CD76B79CA8DF8613788D12CA /* Pods-YRStor-YRStorUITests.release.xcconfig */,
				200434278765509FCA98B38D /* Pods-YRStorTests.debug.xcconfig */,
				F41BE7052BB6C8716FE3396B /* Pods-YRStorTests.release.xcconfig */,
			);
			path = Pods;
			sourceTree = "<group>";
		};
		9C5991102A28C08C00E4DC6E = {
			isa = PBXGroup;
			children = (
				9C59911B2A28C08C00E4DC6E /* YRStor */,
				9C5991352A28C08F00E4DC6E /* YRStorTests */,
				9C59913F2A28C08F00E4DC6E /* YRStorUITests */,
				9C59911A2A28C08C00E4DC6E /* Products */,
				5D1733BEDE60BA4DF1B5045B /* Pods */,
				36B66390A5FFB49A074EA3C1 /* Frameworks */,
			);
			sourceTree = "<group>";
		};
		9C59911A2A28C08C00E4DC6E /* Products */ = {
			isa = PBXGroup;
			children = (
				9C5991192A28C08C00E4DC6E /* YRStor.app */,
				9C5991322A28C08F00E4DC6E /* YRStorTests.xctest */,
				9C59913C2A28C08F00E4DC6E /* YRStorUITests.xctest */,
			);
			name = Products;
			sourceTree = "<group>";
		};
		9C59911B2A28C08C00E4DC6E /* YRStor */ = {
			isa = PBXGroup;
			children = (
				0390E2B32A296AF400FBF94E /* CustomView */,
				033DF89D2A2912A8009C079A /* Extension */,
				9C59917D2A28C3A100E4DC6E /* Helper */,
				9C5991742A28C27E00E4DC6E /* Model */,
				9C5991732A28C24300E4DC6E /* Modules */,
				9C59914F2A28C09D00E4DC6E /* Assets */,
				9C59911C2A28C08C00E4DC6E /* AppDelegate.swift */,
				9C59911E2A28C08C00E4DC6E /* SceneDelegate.swift */,
				9C5991202A28C08C00E4DC6E /* ViewController.swift */,
				9C5991222A28C08C00E4DC6E /* Main.storyboard */,
				9C59912A2A28C08F00E4DC6E /* LaunchScreen.storyboard */,
				9C59912D2A28C08F00E4DC6E /* Info.plist */,
				9C5991252A28C08C00E4DC6E /* YRStor.xcdatamodeld */,
			);
			path = YRStor;
			sourceTree = "<group>";
		};
		9C5991352A28C08F00E4DC6E /* YRStorTests */ = {
			isa = PBXGroup;
			children = (
				9C5991362A28C08F00E4DC6E /* YRStorTests.swift */,
			);
			path = YRStorTests;
			sourceTree = "<group>";
		};
		9C59913F2A28C08F00E4DC6E /* YRStorUITests */ = {
			isa = PBXGroup;
			children = (
				9C5991402A28C08F00E4DC6E /* YRStorUITests.swift */,
				9C5991422A28C08F00E4DC6E /* YRStorUITestsLaunchTests.swift */,
			);
			path = YRStorUITests;
			sourceTree = "<group>";
		};
		9C59914F2A28C09D00E4DC6E /* Assets */ = {
			isa = PBXGroup;
			children = (
				9C5991282A28C08F00E4DC6E /* Assets.xcassets */,
				9C5991502A28C0C300E4DC6E /* SplashLottie.json */,
			);
			path = Assets;
			sourceTree = "<group>";
		};
		9C5991522A28C10000E4DC6E /* Home */ = {
			isa = PBXGroup;
			children = (
				9C5991532A28C10000E4DC6E /* ViewModel */,
				9C5991552A28C10000E4DC6E /* Model */,
				9C5991582A28C10000E4DC6E /* View */,
			);
			path = Home;
			sourceTree = "<group>";
		};
		9C5991532A28C10000E4DC6E /* ViewModel */ = {
			isa = PBXGroup;
			children = (
				9C5991542A28C10000E4DC6E /* HomeViewModel.swift */,
			);
			path = ViewModel;
			sourceTree = "<group>";
		};
		9C5991552A28C10000E4DC6E /* Model */ = {
			isa = PBXGroup;
			children = (
				9C5991562A28C10000E4DC6E /* HomeBrand.swift */,
				9C5991572A28C10000E4DC6E /* HomeAd.swift */,
			);
			path = Model;
			sourceTree = "<group>";
		};
		9C5991582A28C10000E4DC6E /* View */ = {
			isa = PBXGroup;
			children = (
				9C5991592A28C10000E4DC6E /* Storyboard */,
				9C59915B2A28C10000E4DC6E /* BrandCollectionViewCell */,
				9C59915E2A28C10000E4DC6E /* Controller */,
				9C5991602A28C10000E4DC6E /* AdsCollectionViewCell */,
			);
			path = View;
			sourceTree = "<group>";
		};
		9C5991592A28C10000E4DC6E /* Storyboard */ = {
			isa = PBXGroup;
			children = (
				9C59915A2A28C10000E4DC6E /* HomeStoryboard.storyboard */,
			);
			path = Storyboard;
			sourceTree = "<group>";
		};
		9C59915B2A28C10000E4DC6E /* BrandCollectionViewCell */ = {
			isa = PBXGroup;
			children = (
				9C59915C2A28C10000E4DC6E /* BrandCollectionViewCell.xib */,
				9C59915D2A28C10000E4DC6E /* BrandCollectionViewCell.swift */,
			);
			path = BrandCollectionViewCell;
			sourceTree = "<group>";
		};
		9C59915E2A28C10000E4DC6E /* Controller */ = {
			isa = PBXGroup;
			children = (
				9C59915F2A28C10000E4DC6E /* HomeViewController.swift */,
			);
			path = Controller;
			sourceTree = "<group>";
		};
		9C5991602A28C10000E4DC6E /* AdsCollectionViewCell */ = {
			isa = PBXGroup;
			children = (
				9C5991612A28C10000E4DC6E /* AdsCollectionViewCell.xib */,
				9C5991622A28C10000E4DC6E /* AdsCollectionViewCell.swift */,
			);
			path = AdsCollectionViewCell;
			sourceTree = "<group>";
		};
		9C59916C2A28C1C600E4DC6E /* Favourite */ = {
			isa = PBXGroup;
			children = (
			);
			path = Favourite;
			sourceTree = "<group>";
		};
		9C59916D2A28C1D800E4DC6E /* Profile */ = {
			isa = PBXGroup;
			children = (
				03F7ACC72A295D8B008CB4D8 /* ViewModel */,
				03F7ACC62A295D81008CB4D8 /* View */,
				03F7ACC52A295D75008CB4D8 /* Model */,
			);
			path = Profile;
			sourceTree = "<group>";
		};
		9C59916E2A28C1E700E4DC6E /* Search */ = {
			isa = PBXGroup;
			children = (
			);
			path = Search;
			sourceTree = "<group>";
		};
		9C59916F2A28C1F300E4DC6E /* OnBoarding */ = {
			isa = PBXGroup;
			children = (
				033DF8922A2911AF009C079A /* View */,
				033DF8912A29119F009C079A /* Model */,
			);
			path = OnBoarding;
			sourceTree = "<group>";
		};
		9C5991702A28C20400E4DC6E /* Setting */ = {
			isa = PBXGroup;
			children = (
			);
			path = Setting;
			sourceTree = "<group>";
		};
		9C5991712A28C21700E4DC6E /* ShoppingBag */ = {
			isa = PBXGroup;
			children = (
			);
			path = ShoppingBag;
			sourceTree = "<group>";
		};
		9C5991722A28C22D00E4DC6E /* Category */ = {
			isa = PBXGroup;
			children = (
			);
			path = Category;
			sourceTree = "<group>";
		};
		9C5991732A28C24300E4DC6E /* Modules */ = {
			isa = PBXGroup;
			children = (
				038DDDCF2A2B86DC0051D0A8 /* MyOrder */,
				03AA2FA62A2AAA0300DFD53B /* Map */,
				03E929FA2A2A8B2500821D7A /* EnterLocation */,
				03803B1E2A2A6A4E00A91313 /* Location */,
				03FBC51F2A292FC60074D6FA /* Splash */,
				9C5991522A28C10000E4DC6E /* Home */,
				9C59916C2A28C1C600E4DC6E /* Favourite */,
				9C59916D2A28C1D800E4DC6E /* Profile */,
				9C59916E2A28C1E700E4DC6E /* Search */,
				9C59916F2A28C1F300E4DC6E /* OnBoarding */,
				9C5991702A28C20400E4DC6E /* Setting */,
				9C5991712A28C21700E4DC6E /* ShoppingBag */,
				9C5991722A28C22D00E4DC6E /* Category */,
			);
			path = Modules;
			sourceTree = "<group>";
		};
		9C5991742A28C27E00E4DC6E /* Model */ = {
			isa = PBXGroup;
			children = (
				9C59917B2A28C2A900E4DC6E /* Repo.swift */,
				9C5991782A28C2A100E4DC6E /* NetworkingManager */,
				9C5991752A28C29600E4DC6E /* DataBaseManger */,
			);
			path = Model;
			sourceTree = "<group>";
		};
		9C5991752A28C29600E4DC6E /* DataBaseManger */ = {
			isa = PBXGroup;
			children = (
				9C5991762A28C29600E4DC6E /* DataBaseManager.swift */,
			);
			path = DataBaseManger;
			sourceTree = "<group>";
		};
		9C5991782A28C2A100E4DC6E /* NetworkingManager */ = {
			isa = PBXGroup;
			children = (
				9C5991792A28C2A100E4DC6E /* NetworkManager.swift */,
			);
			path = NetworkingManager;
			sourceTree = "<group>";
		};
		9C59917D2A28C3A100E4DC6E /* Helper */ = {
			isa = PBXGroup;
			children = (
				9C59917E2A28C3A100E4DC6E /* Constant.swift */,
				9C59917F2A28C3A100E4DC6E /* Router.swift */,
				03E92A012A2A8FA300821D7A /* HelperFunction.swift */,
			);
			path = Helper;
			sourceTree = "<group>";
		};
/* End PBXGroup section */

/* Begin PBXNativeTarget section */
		9C5991182A28C08C00E4DC6E /* YRStor */ = {
			isa = PBXNativeTarget;
			buildConfigurationList = 9C5991462A28C08F00E4DC6E /* Build configuration list for PBXNativeTarget "YRStor" */;
			buildPhases = (
				D3150E99DBE649F0ADBD6CBC /* [CP] Check Pods Manifest.lock */,
				9C5991152A28C08C00E4DC6E /* Sources */,
				9C5991162A28C08C00E4DC6E /* Frameworks */,
				9C5991172A28C08C00E4DC6E /* Resources */,
				C09E4556644F7DFAF32BEAF3 /* [CP] Embed Pods Frameworks */,
			);
			buildRules = (
			);
			dependencies = (
			);
			name = YRStor;
			productName = YRStor;
			productReference = 9C5991192A28C08C00E4DC6E /* YRStor.app */;
			productType = "com.apple.product-type.application";
		};
		9C5991312A28C08F00E4DC6E /* YRStorTests */ = {
			isa = PBXNativeTarget;
			buildConfigurationList = 9C5991492A28C08F00E4DC6E /* Build configuration list for PBXNativeTarget "YRStorTests" */;
			buildPhases = (
				36C5796E9A45D71BE6A770C1 /* [CP] Check Pods Manifest.lock */,
				9C59912E2A28C08F00E4DC6E /* Sources */,
				9C59912F2A28C08F00E4DC6E /* Frameworks */,
				9C5991302A28C08F00E4DC6E /* Resources */,
			);
			buildRules = (
			);
			dependencies = (
				9C5991342A28C08F00E4DC6E /* PBXTargetDependency */,
			);
			name = YRStorTests;
			productName = YRStorTests;
			productReference = 9C5991322A28C08F00E4DC6E /* YRStorTests.xctest */;
			productType = "com.apple.product-type.bundle.unit-test";
		};
		9C59913B2A28C08F00E4DC6E /* YRStorUITests */ = {
			isa = PBXNativeTarget;
			buildConfigurationList = 9C59914C2A28C08F00E4DC6E /* Build configuration list for PBXNativeTarget "YRStorUITests" */;
			buildPhases = (
				5C33C49C1D7F03F0C460B57C /* [CP] Check Pods Manifest.lock */,
				9C5991382A28C08F00E4DC6E /* Sources */,
				9C5991392A28C08F00E4DC6E /* Frameworks */,
				9C59913A2A28C08F00E4DC6E /* Resources */,
				C893E692F3852F65A7227622 /* [CP] Embed Pods Frameworks */,
			);
			buildRules = (
			);
			dependencies = (
				9C59913E2A28C08F00E4DC6E /* PBXTargetDependency */,
			);
			name = YRStorUITests;
			productName = YRStorUITests;
			productReference = 9C59913C2A28C08F00E4DC6E /* YRStorUITests.xctest */;
			productType = "com.apple.product-type.bundle.ui-testing";
		};
/* End PBXNativeTarget section */

/* Begin PBXProject section */
		9C5991112A28C08C00E4DC6E /* Project object */ = {
			isa = PBXProject;
			attributes = {
				BuildIndependentTargetsInParallel = 1;
				LastSwiftUpdateCheck = 1420;
				LastUpgradeCheck = 1420;
				TargetAttributes = {
					9C5991182A28C08C00E4DC6E = {
						CreatedOnToolsVersion = 14.2;
					};
					9C5991312A28C08F00E4DC6E = {
						CreatedOnToolsVersion = 14.2;
						TestTargetID = 9C5991182A28C08C00E4DC6E;
					};
					9C59913B2A28C08F00E4DC6E = {
						CreatedOnToolsVersion = 14.2;
						TestTargetID = 9C5991182A28C08C00E4DC6E;
					};
				};
			};
			buildConfigurationList = 9C5991142A28C08C00E4DC6E /* Build configuration list for PBXProject "YRStor" */;
			compatibilityVersion = "Xcode 14.0";
			developmentRegion = en;
			hasScannedForEncodings = 0;
			knownRegions = (
				en,
				Base,
			);
			mainGroup = 9C5991102A28C08C00E4DC6E;
			productRefGroup = 9C59911A2A28C08C00E4DC6E /* Products */;
			projectDirPath = "";
			projectRoot = "";
			targets = (
				9C5991182A28C08C00E4DC6E /* YRStor */,
				9C5991312A28C08F00E4DC6E /* YRStorTests */,
				9C59913B2A28C08F00E4DC6E /* YRStorUITests */,
			);
		};
/* End PBXProject section */

/* Begin PBXResourcesBuildPhase section */
		9C5991172A28C08C00E4DC6E /* Resources */ = {
			isa = PBXResourcesBuildPhase;
			buildActionMask = 2147483647;
			files = (
				9C59912C2A28C08F00E4DC6E /* LaunchScreen.storyboard in Resources */,
				9C5991512A28C0C300E4DC6E /* SplashLottie.json in Resources */,
				03AA2FAC2A2AAACA00DFD53B /* Map.storyboard in Resources */,
				03F7ACCB2A295FD8008CB4D8 /* Profile.storyboard in Resources */,
				03803B2C2A2A6D9200A91313 /* LocationCollectionViewCell.xib in Resources */,
				03E92A002A2A8C7800821D7A /* EnterLocation.storyboard in Resources */,
				03803B232A2A6AD300A91313 /* Location.storyboard in Resources */,
				9C5991672A28C10000E4DC6E /* BrandCollectionViewCell.xib in Resources */,
				038DDDE02A2B87DA0051D0A8 /* OrdersCollectionViewCell.xib in Resources */,
				9C5991292A28C08F00E4DC6E /* Assets.xcassets in Resources */,
				0390E2B02A29665200FBF94E /* DataCollectionViewCell.xib in Resources */,
				9C5991242A28C08C00E4DC6E /* Main.storyboard in Resources */,
				038DDDD52A2B873C0051D0A8 /* MyOrder.storyboard in Resources */,
				03FBC5262A2930AC0074D6FA /* Splash.storyboard in Resources */,
				9C59916A2A28C10000E4DC6E /* AdsCollectionViewCell.xib in Resources */,
				9C5991662A28C10000E4DC6E /* HomeStoryboard.storyboard in Resources */,
				033DF8962A291224009C079A /* Onboarding.storyboard in Resources */,
			);
			runOnlyForDeploymentPostprocessing = 0;
		};
		9C5991302A28C08F00E4DC6E /* Resources */ = {
			isa = PBXResourcesBuildPhase;
			buildActionMask = 2147483647;
			files = (
			);
			runOnlyForDeploymentPostprocessing = 0;
		};
		9C59913A2A28C08F00E4DC6E /* Resources */ = {
			isa = PBXResourcesBuildPhase;
			buildActionMask = 2147483647;
			files = (
			);
			runOnlyForDeploymentPostprocessing = 0;
		};
/* End PBXResourcesBuildPhase section */

/* Begin PBXShellScriptBuildPhase section */
		36C5796E9A45D71BE6A770C1 /* [CP] Check Pods Manifest.lock */ = {
			isa = PBXShellScriptBuildPhase;
			buildActionMask = 2147483647;
			files = (
			);
			inputFileListPaths = (
			);
			inputPaths = (
				"${PODS_PODFILE_DIR_PATH}/Podfile.lock",
				"${PODS_ROOT}/Manifest.lock",
			);
			name = "[CP] Check Pods Manifest.lock";
			outputFileListPaths = (
			);
			outputPaths = (
				"$(DERIVED_FILE_DIR)/Pods-YRStorTests-checkManifestLockResult.txt",
			);
			runOnlyForDeploymentPostprocessing = 0;
			shellPath = /bin/sh;
			shellScript = "diff \"${PODS_PODFILE_DIR_PATH}/Podfile.lock\" \"${PODS_ROOT}/Manifest.lock\" > /dev/null\nif [ $? != 0 ] ; then\n    # print error to STDERR\n    echo \"error: The sandbox is not in sync with the Podfile.lock. Run 'pod install' or update your CocoaPods installation.\" >&2\n    exit 1\nfi\n# This output is used by Xcode 'outputs' to avoid re-running this script phase.\necho \"SUCCESS\" > \"${SCRIPT_OUTPUT_FILE_0}\"\n";
			showEnvVarsInLog = 0;
		};
		5C33C49C1D7F03F0C460B57C /* [CP] Check Pods Manifest.lock */ = {
			isa = PBXShellScriptBuildPhase;
			buildActionMask = 2147483647;
			files = (
			);
			inputFileListPaths = (
			);
			inputPaths = (
				"${PODS_PODFILE_DIR_PATH}/Podfile.lock",
				"${PODS_ROOT}/Manifest.lock",
			);
			name = "[CP] Check Pods Manifest.lock";
			outputFileListPaths = (
			);
			outputPaths = (
				"$(DERIVED_FILE_DIR)/Pods-YRStor-YRStorUITests-checkManifestLockResult.txt",
			);
			runOnlyForDeploymentPostprocessing = 0;
			shellPath = /bin/sh;
			shellScript = "diff \"${PODS_PODFILE_DIR_PATH}/Podfile.lock\" \"${PODS_ROOT}/Manifest.lock\" > /dev/null\nif [ $? != 0 ] ; then\n    # print error to STDERR\n    echo \"error: The sandbox is not in sync with the Podfile.lock. Run 'pod install' or update your CocoaPods installation.\" >&2\n    exit 1\nfi\n# This output is used by Xcode 'outputs' to avoid re-running this script phase.\necho \"SUCCESS\" > \"${SCRIPT_OUTPUT_FILE_0}\"\n";
			showEnvVarsInLog = 0;
		};
		C09E4556644F7DFAF32BEAF3 /* [CP] Embed Pods Frameworks */ = {
			isa = PBXShellScriptBuildPhase;
			buildActionMask = 2147483647;
			files = (
			);
			inputFileListPaths = (
				"${PODS_ROOT}/Target Support Files/Pods-YRStor/Pods-YRStor-frameworks-${CONFIGURATION}-input-files.xcfilelist",
			);
			name = "[CP] Embed Pods Frameworks";
			outputFileListPaths = (
				"${PODS_ROOT}/Target Support Files/Pods-YRStor/Pods-YRStor-frameworks-${CONFIGURATION}-output-files.xcfilelist",
			);
			runOnlyForDeploymentPostprocessing = 0;
			shellPath = /bin/sh;
			shellScript = "\"${PODS_ROOT}/Target Support Files/Pods-YRStor/Pods-YRStor-frameworks.sh\"\n";
			showEnvVarsInLog = 0;
		};
		C893E692F3852F65A7227622 /* [CP] Embed Pods Frameworks */ = {
			isa = PBXShellScriptBuildPhase;
			buildActionMask = 2147483647;
			files = (
			);
			inputFileListPaths = (
				"${PODS_ROOT}/Target Support Files/Pods-YRStor-YRStorUITests/Pods-YRStor-YRStorUITests-frameworks-${CONFIGURATION}-input-files.xcfilelist",
			);
			name = "[CP] Embed Pods Frameworks";
			outputFileListPaths = (
				"${PODS_ROOT}/Target Support Files/Pods-YRStor-YRStorUITests/Pods-YRStor-YRStorUITests-frameworks-${CONFIGURATION}-output-files.xcfilelist",
			);
			runOnlyForDeploymentPostprocessing = 0;
			shellPath = /bin/sh;
			shellScript = "\"${PODS_ROOT}/Target Support Files/Pods-YRStor-YRStorUITests/Pods-YRStor-YRStorUITests-frameworks.sh\"\n";
			showEnvVarsInLog = 0;
		};
		D3150E99DBE649F0ADBD6CBC /* [CP] Check Pods Manifest.lock */ = {
			isa = PBXShellScriptBuildPhase;
			buildActionMask = 2147483647;
			files = (
			);
			inputFileListPaths = (
			);
			inputPaths = (
				"${PODS_PODFILE_DIR_PATH}/Podfile.lock",
				"${PODS_ROOT}/Manifest.lock",
			);
			name = "[CP] Check Pods Manifest.lock";
			outputFileListPaths = (
			);
			outputPaths = (
				"$(DERIVED_FILE_DIR)/Pods-YRStor-checkManifestLockResult.txt",
			);
			runOnlyForDeploymentPostprocessing = 0;
			shellPath = /bin/sh;
			shellScript = "diff \"${PODS_PODFILE_DIR_PATH}/Podfile.lock\" \"${PODS_ROOT}/Manifest.lock\" > /dev/null\nif [ $? != 0 ] ; then\n    # print error to STDERR\n    echo \"error: The sandbox is not in sync with the Podfile.lock. Run 'pod install' or update your CocoaPods installation.\" >&2\n    exit 1\nfi\n# This output is used by Xcode 'outputs' to avoid re-running this script phase.\necho \"SUCCESS\" > \"${SCRIPT_OUTPUT_FILE_0}\"\n";
			showEnvVarsInLog = 0;
		};
/* End PBXShellScriptBuildPhase section */

/* Begin PBXSourcesBuildPhase section */
		9C5991152A28C08C00E4DC6E /* Sources */ = {
			isa = PBXSourcesBuildPhase;
			buildActionMask = 2147483647;
			files = (
				03AA2FAF2A2AAB1700DFD53B /* mapViewController.swift in Sources */,
				9C59917A2A28C2A100E4DC6E /* NetworkManager.swift in Sources */,
				9C59917C2A28C2A900E4DC6E /* Repo.swift in Sources */,
				9C5991642A28C10000E4DC6E /* HomeBrand.swift in Sources */,
				9C5991652A28C10000E4DC6E /* HomeAd.swift in Sources */,
				033DF89F2A2912BB009C079A /* UIView+Etension.swift in Sources */,
				033DF8982A291245009C079A /* onboardingSlide.swift in Sources */,
				034767072A2A706F00DD6CD3 /* Location.swift in Sources */,
				03803B252A2A6AF200A91313 /* LocationViewController.swift in Sources */,
				0390E2B22A29677500FBF94E /* Data.swift in Sources */,
				038DDDD82A2B87610051D0A8 /* MyOrderViewController.swift in Sources */,
				033DF89C2A291254009C079A /* onboardingCollectionViewCell.swift in Sources */,
				9C5991212A28C08C00E4DC6E /* ViewController.swift in Sources */,
				03FBC51C2A2927920074D6FA /* UIViewController+Extension.swift in Sources */,
				9C59911D2A28C08C00E4DC6E /* AppDelegate.swift in Sources */,
				9C5991272A28C08C00E4DC6E /* YRStor.xcdatamodeld in Sources */,
				03FBC51E2A2928A70074D6FA /* UserDefault+Extension.swift in Sources */,
				9C5991812A28C3A200E4DC6E /* Router.swift in Sources */,
				9C5991802A28C3A200E4DC6E /* Constant.swift in Sources */,
				03E92A022A2A8FA300821D7A /* HelperFunction.swift in Sources */,
				038DDDE22A2B8C690051D0A8 /* MyOrder.swift in Sources */,
				9C5991692A28C10000E4DC6E /* HomeViewController.swift in Sources */,
				0390E2AB2A29654100FBF94E /* ProfileViewController.swift in Sources */,
				0390E2AF2A29665200FBF94E /* DataCollectionViewCell.swift in Sources */,
				038DDDCE2A2B83C60051D0A8 /* EnterLocationViewController.swift in Sources */,
				9C5991632A28C10000E4DC6E /* HomeViewModel.swift in Sources */,
				9C59916B2A28C10000E4DC6E /* AdsCollectionViewCell.swift in Sources */,
				0390E2B52A296B1200FBF94E /* CardView.swift in Sources */,
				9C5991682A28C10000E4DC6E /* BrandCollectionViewCell.swift in Sources */,
				9C59911F2A28C08C00E4DC6E /* SceneDelegate.swift in Sources */,
				038DDDDF2A2B87DA0051D0A8 /* OrdersCollectionViewCell.swift in Sources */,
				033DF89A2A29124E009C079A /* onboardingViewController.swift in Sources */,
				9C5991772A28C29600E4DC6E /* DataBaseManager.swift in Sources */,
				03803B2B2A2A6D9200A91313 /* LocationCollectionViewCell.swift in Sources */,
				03FBC5232A29300A0074D6FA /* SplashViewController.swift in Sources */,
			);
			runOnlyForDeploymentPostprocessing = 0;
		};
		9C59912E2A28C08F00E4DC6E /* Sources */ = {
			isa = PBXSourcesBuildPhase;
			buildActionMask = 2147483647;
			files = (
				9C5991372A28C08F00E4DC6E /* YRStorTests.swift in Sources */,
			);
			runOnlyForDeploymentPostprocessing = 0;
		};
		9C5991382A28C08F00E4DC6E /* Sources */ = {
			isa = PBXSourcesBuildPhase;
			buildActionMask = 2147483647;
			files = (
				9C5991412A28C08F00E4DC6E /* YRStorUITests.swift in Sources */,
				9C5991432A28C08F00E4DC6E /* YRStorUITestsLaunchTests.swift in Sources */,
			);
			runOnlyForDeploymentPostprocessing = 0;
		};
/* End PBXSourcesBuildPhase section */

/* Begin PBXTargetDependency section */
		9C5991342A28C08F00E4DC6E /* PBXTargetDependency */ = {
			isa = PBXTargetDependency;
			target = 9C5991182A28C08C00E4DC6E /* YRStor */;
			targetProxy = 9C5991332A28C08F00E4DC6E /* PBXContainerItemProxy */;
		};
		9C59913E2A28C08F00E4DC6E /* PBXTargetDependency */ = {
			isa = PBXTargetDependency;
			target = 9C5991182A28C08C00E4DC6E /* YRStor */;
			targetProxy = 9C59913D2A28C08F00E4DC6E /* PBXContainerItemProxy */;
		};
/* End PBXTargetDependency section */

/* Begin PBXVariantGroup section */
		9C5991222A28C08C00E4DC6E /* Main.storyboard */ = {
			isa = PBXVariantGroup;
			children = (
				9C5991232A28C08C00E4DC6E /* Base */,
			);
			name = Main.storyboard;
			sourceTree = "<group>";
		};
		9C59912A2A28C08F00E4DC6E /* LaunchScreen.storyboard */ = {
			isa = PBXVariantGroup;
			children = (
				9C59912B2A28C08F00E4DC6E /* Base */,
			);
			name = LaunchScreen.storyboard;
			sourceTree = "<group>";
		};
/* End PBXVariantGroup section */

/* Begin XCBuildConfiguration section */
		9C5991442A28C08F00E4DC6E /* Debug */ = {
			isa = XCBuildConfiguration;
			buildSettings = {
				ALWAYS_SEARCH_USER_PATHS = NO;
				CLANG_ANALYZER_NONNULL = YES;
				CLANG_ANALYZER_NUMBER_OBJECT_CONVERSION = YES_AGGRESSIVE;
				CLANG_CXX_LANGUAGE_STANDARD = "gnu++20";
				CLANG_ENABLE_MODULES = YES;
				CLANG_ENABLE_OBJC_ARC = YES;
				CLANG_ENABLE_OBJC_WEAK = YES;
				CLANG_WARN_BLOCK_CAPTURE_AUTORELEASING = YES;
				CLANG_WARN_BOOL_CONVERSION = YES;
				CLANG_WARN_COMMA = YES;
				CLANG_WARN_CONSTANT_CONVERSION = YES;
				CLANG_WARN_DEPRECATED_OBJC_IMPLEMENTATIONS = YES;
				CLANG_WARN_DIRECT_OBJC_ISA_USAGE = YES_ERROR;
				CLANG_WARN_DOCUMENTATION_COMMENTS = YES;
				CLANG_WARN_EMPTY_BODY = YES;
				CLANG_WARN_ENUM_CONVERSION = YES;
				CLANG_WARN_INFINITE_RECURSION = YES;
				CLANG_WARN_INT_CONVERSION = YES;
				CLANG_WARN_NON_LITERAL_NULL_CONVERSION = YES;
				CLANG_WARN_OBJC_IMPLICIT_RETAIN_SELF = YES;
				CLANG_WARN_OBJC_LITERAL_CONVERSION = YES;
				CLANG_WARN_OBJC_ROOT_CLASS = YES_ERROR;
				CLANG_WARN_QUOTED_INCLUDE_IN_FRAMEWORK_HEADER = YES;
				CLANG_WARN_RANGE_LOOP_ANALYSIS = YES;
				CLANG_WARN_STRICT_PROTOTYPES = YES;
				CLANG_WARN_SUSPICIOUS_MOVE = YES;
				CLANG_WARN_UNGUARDED_AVAILABILITY = YES_AGGRESSIVE;
				CLANG_WARN_UNREACHABLE_CODE = YES;
				CLANG_WARN__DUPLICATE_METHOD_MATCH = YES;
				COPY_PHASE_STRIP = NO;
				DEBUG_INFORMATION_FORMAT = dwarf;
				ENABLE_STRICT_OBJC_MSGSEND = YES;
				ENABLE_TESTABILITY = YES;
				GCC_C_LANGUAGE_STANDARD = gnu11;
				GCC_DYNAMIC_NO_PIC = NO;
				GCC_NO_COMMON_BLOCKS = YES;
				GCC_OPTIMIZATION_LEVEL = 0;
				GCC_PREPROCESSOR_DEFINITIONS = (
					"DEBUG=1",
					"$(inherited)",
				);
				GCC_WARN_64_TO_32_BIT_CONVERSION = YES;
				GCC_WARN_ABOUT_RETURN_TYPE = YES_ERROR;
				GCC_WARN_UNDECLARED_SELECTOR = YES;
				GCC_WARN_UNINITIALIZED_AUTOS = YES_AGGRESSIVE;
				GCC_WARN_UNUSED_FUNCTION = YES;
				GCC_WARN_UNUSED_VARIABLE = YES;
				IPHONEOS_DEPLOYMENT_TARGET = 16.2;
				MTL_ENABLE_DEBUG_INFO = INCLUDE_SOURCE;
				MTL_FAST_MATH = YES;
				ONLY_ACTIVE_ARCH = YES;
				SDKROOT = iphoneos;
				SWIFT_ACTIVE_COMPILATION_CONDITIONS = DEBUG;
				SWIFT_OPTIMIZATION_LEVEL = "-Onone";
			};
			name = Debug;
		};
		9C5991452A28C08F00E4DC6E /* Release */ = {
			isa = XCBuildConfiguration;
			buildSettings = {
				ALWAYS_SEARCH_USER_PATHS = NO;
				CLANG_ANALYZER_NONNULL = YES;
				CLANG_ANALYZER_NUMBER_OBJECT_CONVERSION = YES_AGGRESSIVE;
				CLANG_CXX_LANGUAGE_STANDARD = "gnu++20";
				CLANG_ENABLE_MODULES = YES;
				CLANG_ENABLE_OBJC_ARC = YES;
				CLANG_ENABLE_OBJC_WEAK = YES;
				CLANG_WARN_BLOCK_CAPTURE_AUTORELEASING = YES;
				CLANG_WARN_BOOL_CONVERSION = YES;
				CLANG_WARN_COMMA = YES;
				CLANG_WARN_CONSTANT_CONVERSION = YES;
				CLANG_WARN_DEPRECATED_OBJC_IMPLEMENTATIONS = YES;
				CLANG_WARN_DIRECT_OBJC_ISA_USAGE = YES_ERROR;
				CLANG_WARN_DOCUMENTATION_COMMENTS = YES;
				CLANG_WARN_EMPTY_BODY = YES;
				CLANG_WARN_ENUM_CONVERSION = YES;
				CLANG_WARN_INFINITE_RECURSION = YES;
				CLANG_WARN_INT_CONVERSION = YES;
				CLANG_WARN_NON_LITERAL_NULL_CONVERSION = YES;
				CLANG_WARN_OBJC_IMPLICIT_RETAIN_SELF = YES;
				CLANG_WARN_OBJC_LITERAL_CONVERSION = YES;
				CLANG_WARN_OBJC_ROOT_CLASS = YES_ERROR;
				CLANG_WARN_QUOTED_INCLUDE_IN_FRAMEWORK_HEADER = YES;
				CLANG_WARN_RANGE_LOOP_ANALYSIS = YES;
				CLANG_WARN_STRICT_PROTOTYPES = YES;
				CLANG_WARN_SUSPICIOUS_MOVE = YES;
				CLANG_WARN_UNGUARDED_AVAILABILITY = YES_AGGRESSIVE;
				CLANG_WARN_UNREACHABLE_CODE = YES;
				CLANG_WARN__DUPLICATE_METHOD_MATCH = YES;
				COPY_PHASE_STRIP = NO;
				DEBUG_INFORMATION_FORMAT = "dwarf-with-dsym";
				ENABLE_NS_ASSERTIONS = NO;
				ENABLE_STRICT_OBJC_MSGSEND = YES;
				GCC_C_LANGUAGE_STANDARD = gnu11;
				GCC_NO_COMMON_BLOCKS = YES;
				GCC_WARN_64_TO_32_BIT_CONVERSION = YES;
				GCC_WARN_ABOUT_RETURN_TYPE = YES_ERROR;
				GCC_WARN_UNDECLARED_SELECTOR = YES;
				GCC_WARN_UNINITIALIZED_AUTOS = YES_AGGRESSIVE;
				GCC_WARN_UNUSED_FUNCTION = YES;
				GCC_WARN_UNUSED_VARIABLE = YES;
				IPHONEOS_DEPLOYMENT_TARGET = 16.2;
				MTL_ENABLE_DEBUG_INFO = NO;
				MTL_FAST_MATH = YES;
				SDKROOT = iphoneos;
				SWIFT_COMPILATION_MODE = wholemodule;
				SWIFT_OPTIMIZATION_LEVEL = "-O";
				VALIDATE_PRODUCT = YES;
			};
			name = Release;
		};
		9C5991472A28C08F00E4DC6E /* Debug */ = {
			isa = XCBuildConfiguration;
			baseConfigurationReference = 3025334C054FCE49924D72CF /* Pods-YRStor.debug.xcconfig */;
			buildSettings = {
				ASSETCATALOG_COMPILER_APPICON_NAME = AppIcon;
				ASSETCATALOG_COMPILER_GLOBAL_ACCENT_COLOR_NAME = AccentColor;
				CODE_SIGN_STYLE = Automatic;
				CURRENT_PROJECT_VERSION = 1;
				GENERATE_INFOPLIST_FILE = YES;
				INFOPLIST_FILE = YRStor/Info.plist;
				INFOPLIST_KEY_UIApplicationSupportsIndirectInputEvents = YES;
				INFOPLIST_KEY_UILaunchStoryboardName = LaunchScreen;
				INFOPLIST_KEY_UIMainStoryboardFile = Main;
				INFOPLIST_KEY_UISupportedInterfaceOrientations_iPad = "UIInterfaceOrientationPortrait UIInterfaceOrientationPortraitUpsideDown UIInterfaceOrientationLandscapeLeft UIInterfaceOrientationLandscapeRight";
				INFOPLIST_KEY_UISupportedInterfaceOrientations_iPhone = "UIInterfaceOrientationPortrait UIInterfaceOrientationLandscapeLeft UIInterfaceOrientationLandscapeRight";
				LD_RUNPATH_SEARCH_PATHS = (
					"$(inherited)",
					"@executable_path/Frameworks",
				);
				MARKETING_VERSION = 1.0;
				PRODUCT_BUNDLE_IDENTIFIER = com.YRStor;
				PRODUCT_NAME = "$(TARGET_NAME)";
				SWIFT_EMIT_LOC_STRINGS = YES;
				SWIFT_VERSION = 5.0;
				TARGETED_DEVICE_FAMILY = "1,2";
			};
			name = Debug;
		};
		9C5991482A28C08F00E4DC6E /* Release */ = {
			isa = XCBuildConfiguration;
			baseConfigurationReference = 41440B744D119AA582A88FB4 /* Pods-YRStor.release.xcconfig */;
			buildSettings = {
				ASSETCATALOG_COMPILER_APPICON_NAME = AppIcon;
				ASSETCATALOG_COMPILER_GLOBAL_ACCENT_COLOR_NAME = AccentColor;
				CODE_SIGN_STYLE = Automatic;
				CURRENT_PROJECT_VERSION = 1;
				GENERATE_INFOPLIST_FILE = YES;
				INFOPLIST_FILE = YRStor/Info.plist;
				INFOPLIST_KEY_UIApplicationSupportsIndirectInputEvents = YES;
				INFOPLIST_KEY_UILaunchStoryboardName = LaunchScreen;
				INFOPLIST_KEY_UIMainStoryboardFile = Main;
				INFOPLIST_KEY_UISupportedInterfaceOrientations_iPad = "UIInterfaceOrientationPortrait UIInterfaceOrientationPortraitUpsideDown UIInterfaceOrientationLandscapeLeft UIInterfaceOrientationLandscapeRight";
				INFOPLIST_KEY_UISupportedInterfaceOrientations_iPhone = "UIInterfaceOrientationPortrait UIInterfaceOrientationLandscapeLeft UIInterfaceOrientationLandscapeRight";
				LD_RUNPATH_SEARCH_PATHS = (
					"$(inherited)",
					"@executable_path/Frameworks",
				);
				MARKETING_VERSION = 1.0;
				PRODUCT_BUNDLE_IDENTIFIER = com.YRStor;
				PRODUCT_NAME = "$(TARGET_NAME)";
				SWIFT_EMIT_LOC_STRINGS = YES;
				SWIFT_VERSION = 5.0;
				TARGETED_DEVICE_FAMILY = "1,2";
			};
			name = Release;
		};
		9C59914A2A28C08F00E4DC6E /* Debug */ = {
			isa = XCBuildConfiguration;
			baseConfigurationReference = 200434278765509FCA98B38D /* Pods-YRStorTests.debug.xcconfig */;
			buildSettings = {
				ALWAYS_EMBED_SWIFT_STANDARD_LIBRARIES = YES;
				BUNDLE_LOADER = "$(TEST_HOST)";
				CODE_SIGN_STYLE = Automatic;
				CURRENT_PROJECT_VERSION = 1;
				GENERATE_INFOPLIST_FILE = YES;
				IPHONEOS_DEPLOYMENT_TARGET = 16.2;
				MARKETING_VERSION = 1.0;
				PRODUCT_BUNDLE_IDENTIFIER = com.YRStorTests;
				PRODUCT_NAME = "$(TARGET_NAME)";
				SWIFT_EMIT_LOC_STRINGS = NO;
				SWIFT_VERSION = 5.0;
				TARGETED_DEVICE_FAMILY = "1,2";
				TEST_HOST = "$(BUILT_PRODUCTS_DIR)/YRStor.app/$(BUNDLE_EXECUTABLE_FOLDER_PATH)/YRStor";
			};
			name = Debug;
		};
		9C59914B2A28C08F00E4DC6E /* Release */ = {
			isa = XCBuildConfiguration;
			baseConfigurationReference = F41BE7052BB6C8716FE3396B /* Pods-YRStorTests.release.xcconfig */;
			buildSettings = {
				ALWAYS_EMBED_SWIFT_STANDARD_LIBRARIES = YES;
				BUNDLE_LOADER = "$(TEST_HOST)";
				CODE_SIGN_STYLE = Automatic;
				CURRENT_PROJECT_VERSION = 1;
				GENERATE_INFOPLIST_FILE = YES;
				IPHONEOS_DEPLOYMENT_TARGET = 16.2;
				MARKETING_VERSION = 1.0;
				PRODUCT_BUNDLE_IDENTIFIER = com.YRStorTests;
				PRODUCT_NAME = "$(TARGET_NAME)";
				SWIFT_EMIT_LOC_STRINGS = NO;
				SWIFT_VERSION = 5.0;
				TARGETED_DEVICE_FAMILY = "1,2";
				TEST_HOST = "$(BUILT_PRODUCTS_DIR)/YRStor.app/$(BUNDLE_EXECUTABLE_FOLDER_PATH)/YRStor";
			};
			name = Release;
		};
		9C59914D2A28C08F00E4DC6E /* Debug */ = {
			isa = XCBuildConfiguration;
			baseConfigurationReference = 358503DE45EDCB6944ECA750 /* Pods-YRStor-YRStorUITests.debug.xcconfig */;
			buildSettings = {
				ALWAYS_EMBED_SWIFT_STANDARD_LIBRARIES = YES;
				CODE_SIGN_STYLE = Automatic;
				CURRENT_PROJECT_VERSION = 1;
				GENERATE_INFOPLIST_FILE = YES;
				MARKETING_VERSION = 1.0;
				PRODUCT_BUNDLE_IDENTIFIER = com.YRStorUITests;
				PRODUCT_NAME = "$(TARGET_NAME)";
				SWIFT_EMIT_LOC_STRINGS = NO;
				SWIFT_VERSION = 5.0;
				TARGETED_DEVICE_FAMILY = "1,2";
				TEST_TARGET_NAME = YRStor;
			};
			name = Debug;
		};
		9C59914E2A28C08F00E4DC6E /* Release */ = {
			isa = XCBuildConfiguration;
			baseConfigurationReference = CD76B79CA8DF8613788D12CA /* Pods-YRStor-YRStorUITests.release.xcconfig */;
			buildSettings = {
				ALWAYS_EMBED_SWIFT_STANDARD_LIBRARIES = YES;
				CODE_SIGN_STYLE = Automatic;
				CURRENT_PROJECT_VERSION = 1;
				GENERATE_INFOPLIST_FILE = YES;
				MARKETING_VERSION = 1.0;
				PRODUCT_BUNDLE_IDENTIFIER = com.YRStorUITests;
				PRODUCT_NAME = "$(TARGET_NAME)";
				SWIFT_EMIT_LOC_STRINGS = NO;
				SWIFT_VERSION = 5.0;
				TARGETED_DEVICE_FAMILY = "1,2";
				TEST_TARGET_NAME = YRStor;
			};
			name = Release;
		};
/* End XCBuildConfiguration section */

/* Begin XCConfigurationList section */
		9C5991142A28C08C00E4DC6E /* Build configuration list for PBXProject "YRStor" */ = {
			isa = XCConfigurationList;
			buildConfigurations = (
				9C5991442A28C08F00E4DC6E /* Debug */,
				9C5991452A28C08F00E4DC6E /* Release */,
			);
			defaultConfigurationIsVisible = 0;
			defaultConfigurationName = Release;
		};
		9C5991462A28C08F00E4DC6E /* Build configuration list for PBXNativeTarget "YRStor" */ = {
			isa = XCConfigurationList;
			buildConfigurations = (
				9C5991472A28C08F00E4DC6E /* Debug */,
				9C5991482A28C08F00E4DC6E /* Release */,
			);
			defaultConfigurationIsVisible = 0;
			defaultConfigurationName = Release;
		};
		9C5991492A28C08F00E4DC6E /* Build configuration list for PBXNativeTarget "YRStorTests" */ = {
			isa = XCConfigurationList;
			buildConfigurations = (
				9C59914A2A28C08F00E4DC6E /* Debug */,
				9C59914B2A28C08F00E4DC6E /* Release */,
			);
			defaultConfigurationIsVisible = 0;
			defaultConfigurationName = Release;
		};
		9C59914C2A28C08F00E4DC6E /* Build configuration list for PBXNativeTarget "YRStorUITests" */ = {
			isa = XCConfigurationList;
			buildConfigurations = (
				9C59914D2A28C08F00E4DC6E /* Debug */,
				9C59914E2A28C08F00E4DC6E /* Release */,
			);
			defaultConfigurationIsVisible = 0;
			defaultConfigurationName = Release;
		};
/* End XCConfigurationList section */

/* Begin XCVersionGroup section */
		9C5991252A28C08C00E4DC6E /* YRStor.xcdatamodeld */ = {
			isa = XCVersionGroup;
			children = (
				9C5991262A28C08C00E4DC6E /* YRStor.xcdatamodel */,
			);
			currentVersion = 9C5991262A28C08C00E4DC6E /* YRStor.xcdatamodel */;
			path = YRStor.xcdatamodeld;
			sourceTree = "<group>";
			versionGroupType = wrapper.xcdatamodel;
		};
/* End XCVersionGroup section */
	};
	rootObject = 9C5991112A28C08C00E4DC6E /* Project object */;
}
